
Microsoft Visual Studio Solution File, Format Version 12.00
# Visual Studio Version 17
VisualStudioVersion = 17.9.34902.65
MinimumVisualStudioVersion = 10.0.40219.1
Project("{9A19103F-16F7-4668-BE54-9A1E7A4F7556}") = "ff", "ff\ff.csproj", "{B4B2D166-750D-434C-B504-249329FCA7C2}"
EndProject
Project("{9A19103F-16F7-4668-BE54-9A1E7A4F7556}") = "ff.Desktop", "ff.Desktop\ff.Desktop.csproj", "{BA42BFEC-3DA4-4378-95C2-EBC72CAC2CF9}"
EndProject
Global
	GlobalSection(SolutionConfigurationPlatforms) = preSolution
		Debug|Any CPU = Debug|Any CPU
		Release|Any CPU = Release|Any CPU
	EndGlobalSection
	GlobalSection(ProjectConfigurationPlatforms) = postSolution
		{B4B2D166-750D-434C-B504-249329FCA7C2}.Debug|Any CPU.ActiveCfg = Debug|Any CPU
		{B4B2D166-750D-434C-B504-249329FCA7C2}.Debug|Any CPU.Build.0 = Debug|Any CPU
		{B4B2D166-750D-434C-B504-249329FCA7C2}.Release|Any CPU.ActiveCfg = Release|Any CPU
		{B4B2D166-750D-434C-B504-249329FCA7C2}.Release|Any CPU.Build.0 = Release|Any CPU
		{BA42BFEC-3DA4-4378-95C2-EBC72CAC2CF9}.Debug|Any CPU.ActiveCfg = Debug|Any CPU
		{BA42BFEC-3DA4-4378-95C2-EBC72CAC2CF9}.Debug|Any CPU.Build.0 = Debug|Any CPU
		{BA42BFEC-3DA4-4378-95C2-EBC72CAC2CF9}.Release|Any CPU.ActiveCfg = Release|Any CPU
		{BA42BFEC-3DA4-4378-95C2-EBC72CAC2CF9}.Release|Any CPU.Build.0 = Release|Any CPU
	EndGlobalSection
	GlobalSection(SolutionProperties) = preSolution
		HideSolutionNode = FALSE
	EndGlobalSection
	GlobalSection(ExtensibilityGlobals) = postSolution
		SolutionGuid = {4EC2C532-CE24-486A-9BC4-FA05C51A26B6}
	EndGlobalSection
EndGlobal
